
Microsoft Visual Studio Solution File, Format Version 12.00
# Visual Studio Version 16
VisualStudioVersion = 16.0.29905.134
MinimumVisualStudioVersion = 10.0.40219.1
Project("{FAE04EC0-301F-11D3-BF4B-00C04F79EFBC}") = "ClientesWPF", "ClientesWPF\ClientesWPF.csproj", "{C673E418-627C-4C34-BE60-E7038AD8D183}"
EndProject
Project("{FAE04EC0-301F-11D3-BF4B-00C04F79EFBC}") = "BibliotecaClientes", "BibliotecaClientes\BibliotecaClientes.csproj", "{87870A77-AEC7-4557-B0BE-43179789FB4A}"
EndProject
Global
	GlobalSection(SolutionConfigurationPlatforms) = preSolution
		Debug|Any CPU = Debug|Any CPU
		Release|Any CPU = Release|Any CPU
	EndGlobalSection
	GlobalSection(ProjectConfigurationPlatforms) = postSolution
		{C673E418-627C-4C34-BE60-E7038AD8D183}.Debug|Any CPU.ActiveCfg = Debug|Any CPU
		{C673E418-627C-4C34-BE60-E7038AD8D183}.Debug|Any CPU.Build.0 = Debug|Any CPU
		{C673E418-627C-4C34-BE60-E7038AD8D183}.Release|Any CPU.ActiveCfg = Release|Any CPU
		{C673E418-627C-4C34-BE60-E7038AD8D183}.Release|Any CPU.Build.0 = Release|Any CPU
		{87870A77-AEC7-4557-B0BE-43179789FB4A}.Debug|Any CPU.ActiveCfg = Debug|Any CPU
		{87870A77-AEC7-4557-B0BE-43179789FB4A}.Debug|Any CPU.Build.0 = Debug|Any CPU
		{87870A77-AEC7-4557-B0BE-43179789FB4A}.Release|Any CPU.ActiveCfg = Release|Any CPU
		{87870A77-AEC7-4557-B0BE-43179789FB4A}.Release|Any CPU.Build.0 = Release|Any CPU
	EndGlobalSection
	GlobalSection(SolutionProperties) = preSolution
		HideSolutionNode = FALSE
	EndGlobalSection
	GlobalSection(ExtensibilityGlobals) = postSolution
		SolutionGuid = {6E5FE9A4-FAA0-4F50-BF48-C0622B1AA993}
	EndGlobalSection
EndGlobal
